// !$*UTF8*$!
{
	archiveVersion = 1;
	classes = {
	};
	objectVersion = 46;
	objects = {

/* Begin PBXBuildFile section */
		B74062841F3A970400F490BF /* AppDelegate.swift in Sources */ = {isa = PBXBuildFile; fileRef = B74062831F3A970400F490BF /* AppDelegate.swift */; };
		B74062861F3A970400F490BF /* ViewController.swift in Sources */ = {isa = PBXBuildFile; fileRef = B74062851F3A970400F490BF /* ViewController.swift */; };
		B74062891F3A970400F490BF /* Main.storyboard in Resources */ = {isa = PBXBuildFile; fileRef = B74062871F3A970400F490BF /* Main.storyboard */; };
		B740628B1F3A970400F490BF /* Assets.xcassets in Resources */ = {isa = PBXBuildFile; fileRef = B740628A1F3A970400F490BF /* Assets.xcassets */; };
		B740628E1F3A970400F490BF /* LaunchScreen.storyboard in Resources */ = {isa = PBXBuildFile; fileRef = B740628C1F3A970400F490BF /* LaunchScreen.storyboard */; };
/* End PBXBuildFile section */

/* Begin PBXFileReference section */
		B74062801F3A970400F490BF /* Project 15.app */ = {isa = PBXFileReference; explicitFileType = wrapper.application; includeInIndex = 0; path = "Project 15.app"; sourceTree = BUILT_PRODUCTS_DIR; };
		B74062831F3A970400F490BF /* AppDelegate.swift */ = {isa = PBXFileReference; lastKnownFileType = sourcecode.swift; path = AppDelegate.swift; sourceTree = "<group>"; };
		B74062851F3A970400F490BF /* ViewController.swift */ = {isa = PBXFileReference; lastKnownFileType = sourcecode.swift; path = ViewController.swift; sourceTree = "<group>"; };
		B74062881F3A970400F490BF /* Base */ = {isa = PBXFileReference; lastKnownFileType = file.storyboard; name = Base; path = Base.lproj/Main.storyboard; sourceTree = "<group>"; };
		B740628A1F3A970400F490BF /* Assets.xcassets */ = {isa = PBXFileReference; lastKnownFileType = folder.assetcatalog; path = Assets.xcassets; sourceTree = "<group>"; };
		B740628D1F3A970400F490BF /* Base */ = {isa = PBXFileReference; lastKnownFileType = file.storyboard; name = Base; path = Base.lproj/LaunchScreen.storyboard; sourceTree = "<group>"; };
		B740628F1F3A970400F490BF /* Info.plist */ = {isa = PBXFileReference; lastKnownFileType = text.plist.xml; path = Info.plist; sourceTree = "<group>"; };
/* End PBXFileReference section */

/* Begin PBXFrameworksBuildPhase section */
		B740627D1F3A970400F490BF /* Frameworks */ = {
			isa = PBXFrameworksBuildPhase;
			buildActionMask = 2147483647;
			files = (
			);
			runOnlyForDeploymentPostprocessing = 0;
		};
/* End PBXFrameworksBuildPhase section */

/* Begin PBXGroup section */
		B74062771F3A970400F490BF = {
			isa = PBXGroup;
			children = (
				B74062821F3A970400F490BF /* Project 15 */,
				B74062811F3A970400F490BF /* Products */,
			);
			sourceTree = "<group>";
		};
		B74062811F3A970400F490BF /* Products */ = {
			isa = PBXGroup;
			children = (
				B74062801F3A970400F490BF /* Project 15.app */,
			);
			name = Products;
			sourceTree = "<group>";
		};
		B74062821F3A970400F490BF /* Project 15 */ = {
			isa = PBXGroup;
			children = (
				B74062831F3A970400F490BF /* AppDelegate.swift */,
				B74062851F3A970400F490BF /* ViewController.swift */,
				B74062871F3A970400F490BF /* Main.storyboard */,
				B740628A1F3A970400F490BF /* Assets.xcassets */,
				B740628C1F3A970400F490BF /* LaunchScreen.storyboard */,
				B740628F1F3A970400F490BF /* Info.plist */,
			);
			path = "Project 15";
			sourceTree = "<group>";
		};
/* End PBXGroup section */

/* Begin PBXNativeTarget section */
		B740627F1F3A970400F490BF /* Project 15 */ = {
			isa = PBXNativeTarget;
			buildConfigurationList = B74062921F3A970400F490BF /* Build configuration list for PBXNativeTarget "Project 15" */;
			buildPhases = (
				B740627C1F3A970400F490BF /* Sources */,
				B740627D1F3A970400F490BF /* Frameworks */,
				B740627E1F3A970400F490BF /* Resources */,
			);
			buildRules = (
			);
			dependencies = (
			);
			name = "Project 15";
			productName = "Project 15";
			productReference = B74062801F3A970400F490BF /* Project 15.app */;
			productType = "com.apple.product-type.application";
		};
/* End PBXNativeTarget section */

/* Begin PBXProject section */
		B74062781F3A970400F490BF /* Project object */ = {
			isa = PBXProject;
			attributes = {
				LastSwiftUpdateCheck = 0830;
				LastUpgradeCheck = 0830;
				ORGANIZATIONNAME = "Hoang Nguyen";
				TargetAttributes = {
					B740627F1F3A970400F490BF = {
						CreatedOnToolsVersion = 8.3.3;
						DevelopmentTeam = 84VP9GYA85;
						ProvisioningStyle = Automatic;
					};
				};
			};
			buildConfigurationList = B740627B1F3A970400F490BF /* Build configuration list for PBXProject "Project 15" */;
			compatibilityVersion = "Xcode 3.2";
			developmentRegion = English;
			hasScannedForEncodings = 0;
			knownRegions = (
				en,
				Base,
			);
			mainGroup = B74062771F3A970400F490BF;
			productRefGroup = B74062811F3A970400F490BF /* Products */;
			projectDirPath = "";
			projectRoot = "";
			targets = (
				B740627F1F3A970400F490BF /* Project 15 */,
			);
		};
/* End PBXProject section */

/* Begin PBXResourcesBuildPhase section */
		B740627E1F3A970400F490BF /* Resources */ = {
			isa = PBXResourcesBuildPhase;
			buildActionMask = 2147483647;
			files = (
				B740628E1F3A970400F490BF /* LaunchScreen.storyboard in Resources */,
				B740628B1F3A970400F490BF /* Assets.xcassets in Resources */,
				B74062891F3A970400F490BF /* Main.storyboard in Resources */,
			);
			runOnlyForDeploymentPostprocessing = 0;
		};
/* End PBXResourcesBuildPhase section */

/* Begin PBXSourcesBuildPhase section */
		B740627C1F3A970400F490BF /* Sources */ = {
			isa = PBXSourcesBuildPhase;
			buildActionMask = 2147483647;
			files = (
				B74062861F3A970400F490BF /* ViewController.swift in Sources */,
				B74062841F3A970400F490BF /* AppDelegate.swift in Sources */,
			);
			runOnlyForDeploymentPostprocessing = 0;
		};
/* End PBXSourcesBuildPhase section */

/* Begin PBXVariantGroup section */
		B74062871F3A970400F490BF /* Main.storyboard */ = {
			isa = PBXVariantGroup;
			children = (
				B74062881F3A970400F490BF /* Base */,
			);
			name = Main.storyboard;
			sourceTree = "<group>";
		};
		B740628C1F3A970400F490BF /* LaunchScreen.storyboard */ = {
			isa = PBXVariantGroup;
			children = (
				B740628D1F3A970400F490BF /* Base */,
			);
			name = LaunchScreen.storyboard;
			sourceTree = "<group>";
		};
/* End PBXVariantGroup section */

/* Begin XCBuildConfiguration section */
		B74062901F3A970400F490BF /* Debug */ = {
			isa = XCBuildConfiguration;
			buildSettings = {
				ALWAYS_SEARCH_USER_PATHS = NO;
				CLANG_ANALYZER_NONNULL = YES;
				CLANG_ANALYZER_NUMBER_OBJECT_CONVERSION = YES_AGGRESSIVE;
				CLANG_CXX_LANGUAGE_STANDARD = "gnu++0x";
				CLANG_CXX_LIBRARY = "libc++";
				CLANG_ENABLE_MODULES = YES;
				CLANG_ENABLE_OBJC_ARC = YES;
				CLANG_WARN_BOOL_CONVERSION = YES;
				CLANG_WARN_CONSTANT_CONVERSION = YES;
				CLANG_WARN_DIRECT_OBJC_ISA_USAGE = YES_ERROR;
				CLANG_WARN_DOCUMENTATION_COMMENTS = YES;
				CLANG_WARN_EMPTY_BODY = YES;
				CLANG_WARN_ENUM_CONVERSION = YES;
				CLANG_WARN_INFINITE_RECURSION = YES;
				CLANG_WARN_INT_CONVERSION = YES;
				CLANG_WARN_OBJC_ROOT_CLASS = YES_ERROR;
				CLANG_WARN_SUSPICIOUS_MOVE = YES;
				CLANG_WARN_UNREACHABLE_CODE = YES;
				CLANG_WARN__DUPLICATE_METHOD_MATCH = YES;
				"CODE_SIGN_IDENTITY[sdk=iphoneos*]" = "iPhone Developer";
				COPY_PHASE_STRIP = NO;
				DEBUG_INFORMATION_FORMAT = dwarf;
				ENABLE_STRICT_OBJC_MSGSEND = YES;
				ENABLE_TESTABILITY = YES;
				GCC_C_LANGUAGE_STANDARD = gnu99;
				GCC_DYNAMIC_NO_PIC = NO;
				GCC_NO_COMMON_BLOCKS = YES;
				GCC_OPTIMIZATION_LEVEL = 0;
				GCC_PREPROCESSOR_DEFINITIONS = (
					"DEBUG=1",
					"$(inherited)",
				);
				GCC_WARN_64_TO_32_BIT_CONVERSION = YES;
				GCC_WARN_ABOUT_RETURN_TYPE = YES_ERROR;
				GCC_WARN_UNDECLARED_SELECTOR = YES;
				GCC_WARN_UNINITIALIZED_AUTOS = YES_AGGRESSIVE;
				GCC_WARN_UNUSED_FUNCTION = YES;
				GCC_WARN_UNUSED_VARIABLE = YES;
				IPHONEOS_DEPLOYMENT_TARGET = 10.3;
				MTL_ENABLE_DEBUG_INFO = YES;
				ONLY_ACTIVE_ARCH = YES;
				SDKROOT = iphoneos;
				SWIFT_ACTIVE_COMPILATION_CONDITIONS = DEBUG;
				SWIFT_OPTIMIZATION_LEVEL = "-Onone";
				TARGETED_DEVICE_FAMILY = 2;
			};
			name = Debug;
		};
		B74062911F3A970400F490BF /* Release */ = {
			isa = XCBuildConfiguration;
			buildSettings = {
				ALWAYS_SEARCH_USER_PATHS = NO;
				CLANG_ANALYZER_NONNULL = YES;
				CLANG_ANALYZER_NUMBER_OBJECT_CONVERSION = YES_AGGRESSIVE;
				CLANG_CXX_LANGUAGE_STANDARD = "gnu++0x";
				CLANG_CXX_LIBRARY = "libc++";
				CLANG_ENABLE_MODULES = YES;
				CLANG_ENABLE_OBJC_ARC = YES;
				CLANG_WARN_BOOL_CONVERSION = YES;
				CLANG_WARN_CONSTANT_CONVERSION = YES;
				CLANG_WARN_DIRECT_OBJC_ISA_USAGE = YES_ERROR;
				CLANG_WARN_DOCUMENTATION_COMMENTS = YES;
				CLANG_WARN_EMPTY_BODY = YES;
				CLANG_WARN_ENUM_CONVERSION = YES;
				CLANG_WARN_INFINITE_RECURSION = YES;
				CLANG_WARN_INT_CONVERSION = YES;
				CLANG_WARN_OBJC_ROOT_CLASS = YES_ERROR;
				CLANG_WARN_SUSPICIOUS_MOVE = YES;
				CLANG_WARN_UNREACHABLE_CODE = YES;
				CLANG_WARN__DUPLICATE_METHOD_MATCH = YES;
				"CODE_SIGN_IDENTITY[sdk=iphoneos*]" = "iPhone Developer";
				COPY_PHASE_STRIP = NO;
				DEBUG_INFORMATION_FORMAT = "dwarf-with-dsym";
				ENABLE_NS_ASSERTIONS = NO;
				ENABLE_STRICT_OBJC_MSGSEND = YES;
				GCC_C_LANGUAGE_STANDARD = gnu99;
				GCC_NO_COMMON_BLOCKS = YES;
				GCC_WARN_64_TO_32_BIT_CONVERSION = YES;
				GCC_WARN_ABOUT_RETURN_TYPE = YES_ERROR;
				GCC_WARN_UNDECLARED_SELECTOR = YES;
				GCC_WARN_UNINITIALIZED_AUTOS = YES_AGGRESSIVE;
				GCC_WARN_UNUSED_FUNCTION = YES;
				GCC_WARN_UNUSED_VARIABLE = YES;
				IPHONEOS_DEPLOYMENT_TARGET = 10.3;
				MTL_ENABLE_DEBUG_INFO = NO;
				SDKROOT = iphoneos;
				SWIFT_OPTIMIZATION_LEVEL = "-Owholemodule";
				TARGETED_DEVICE_FAMILY = 2;
				VALIDATE_PRODUCT = YES;
			};
			name = Release;
		};
		B74062931F3A970400F490BF /* Debug */ = {
			isa = XCBuildConfiguration;
			buildSettings = {
				ASSETCATALOG_COMPILER_APPICON_NAME = AppIcon;
				DEVELOPMENT_TEAM = 84VP9GYA85;
				INFOPLIST_FILE = "Project 15/Info.plist";
				LD_RUNPATH_SEARCH_PATHS = "$(inherited) @executable_path/Frameworks";
				PRODUCT_BUNDLE_IDENTIFIER = "com.HoangNguyen.Project-15";
				PRODUCT_NAME = "$(TARGET_NAME)";
				SWIFT_VERSION = 3.0;
			};
			name = Debug;
		};
		B74062941F3A970400F490BF /* Release */ = {
			isa = XCBuildConfiguration;
			buildSettings = {
				ASSETCATALOG_COMPILER_APPICON_NAME = AppIcon;
				DEVELOPMENT_TEAM = 84VP9GYA85;
				INFOPLIST_FILE = "Project 15/Info.plist";
				LD_RUNPATH_SEARCH_PATHS = "$(inherited) @executable_path/Frameworks";
				PRODUCT_BUNDLE_IDENTIFIER = "com.HoangNguyen.Project-15";
				PRODUCT_NAME = "$(TARGET_NAME)";
				SWIFT_VERSION = 3.0;
			};
			name = Release;
		};
/* End XCBuildConfiguration section */

/* Begin XCConfigurationList section */
		B740627B1F3A970400F490BF /* Build configuration list for PBXProject "Project 15" */ = {
			isa = XCConfigurationList;
			buildConfigurations = (
				B74062901F3A970400F490BF /* Debug */,
				B74062911F3A970400F490BF /* Release */,
			);
			defaultConfigurationIsVisible = 0;
			defaultConfigurationName = Release;
		};
		B74062921F3A970400F490BF /* Build configuration list for PBXNativeTarget "Project 15" */ = {
			isa = XCConfigurationList;
			buildConfigurations = (
				B74062931F3A970400F490BF /* Debug */,
				B74062941F3A970400F490BF /* Release */,
			);
			defaultConfigurationIsVisible = 0;
		};
/* End XCConfigurationList section */
	};
	rootObject = B74062781F3A970400F490BF /* Project object */;
}
